
Microsoft Visual Studio Solution File, Format Version 12.00
# Visual Studio 15
VisualStudioVersion = 15.0.28307.1062
MinimumVisualStudioVersion = 10.0.40219.1
Project("{FAE04EC0-301F-11D3-BF4B-00C04F79EFBC}") = "Lab6", "Lab6\Lab6.csproj", "{0CF6B9C5-9CB5-4701-9B8F-7207D5C98699}"
EndProject
Global
	GlobalSection(SolutionConfigurationPlatforms) = preSolution
		Debug|Any CPU = Debug|Any CPU
		Release|Any CPU = Release|Any CPU
	EndGlobalSection
	GlobalSection(ProjectConfigurationPlatforms) = postSolution
		{0CF6B9C5-9CB5-4701-9B8F-7207D5C98699}.Debug|Any CPU.ActiveCfg = Debug|Any CPU
		{0CF6B9C5-9CB5-4701-9B8F-7207D5C98699}.Debug|Any CPU.Build.0 = Debug|Any CPU
		{0CF6B9C5-9CB5-4701-9B8F-7207D5C98699}.Release|Any CPU.ActiveCfg = Release|Any CPU
		{0CF6B9C5-9CB5-4701-9B8F-7207D5C98699}.Release|Any CPU.Build.0 = Release|Any CPU
	EndGlobalSection
	GlobalSection(SolutionProperties) = preSolution
		HideSolutionNode = FALSE
	EndGlobalSection
	GlobalSection(ExtensibilityGlobals) = postSolution
		SolutionGuid = {16BBF308-7392-48AF-9E71-D5A8774F5BB9}
	EndGlobalSection
EndGlobal
