
Microsoft Visual Studio Solution File, Format Version 12.00
# Visual Studio 15
VisualStudioVersion = 15.0.28307.1000
MinimumVisualStudioVersion = 10.0.40219.1
Project("{FAE04EC0-301F-11D3-BF4B-00C04F79EFBC}") = "WebApps", "WebApps\WebApps.csproj", "{F18840DB-15F7-44E5-AF95-0639D8D0D4AB}"
EndProject
Global
	GlobalSection(SolutionConfigurationPlatforms) = preSolution
		Debug|Any CPU = Debug|Any CPU
		Release|Any CPU = Release|Any CPU
	EndGlobalSection
	GlobalSection(ProjectConfigurationPlatforms) = postSolution
		{F18840DB-15F7-44E5-AF95-0639D8D0D4AB}.Debug|Any CPU.ActiveCfg = Debug|Any CPU
		{F18840DB-15F7-44E5-AF95-0639D8D0D4AB}.Debug|Any CPU.Build.0 = Debug|Any CPU
		{F18840DB-15F7-44E5-AF95-0639D8D0D4AB}.Release|Any CPU.ActiveCfg = Release|Any CPU
		{F18840DB-15F7-44E5-AF95-0639D8D0D4AB}.Release|Any CPU.Build.0 = Release|Any CPU
	EndGlobalSection
	GlobalSection(SolutionProperties) = preSolution
		HideSolutionNode = FALSE
	EndGlobalSection
	GlobalSection(ExtensibilityGlobals) = postSolution
		SolutionGuid = {C64F0260-B41F-41B3-BF6D-4D8460A41799}
	EndGlobalSection
EndGlobal
